<?xml version="1.0" encoding="utf-8"?>
<Project ToolsVersion="16.0" xmlns="http://schemas.microsoft.com/developer/msbuild/2003">
  <ItemGroup>
    <CustomBuild Include="G:\geodesic\external\.cache\CoMISo\CMakeFiles\628e9c25ea5dc0877dd5e5bc300c35db\CoMISo-download-mkdir.rule">
      <Filter>CMake Rules</Filter>
    </CustomBuild>
    <CustomBuild Include="G:\geodesic\external\.cache\CoMISo\CMakeFiles\628e9c25ea5dc0877dd5e5bc300c35db\CoMISo-download-download.rule">
      <Filter>CMake Rules</Filter>
    </CustomBuild>
    <CustomBuild Include="G:\geodesic\external\.cache\CoMISo\CMakeFiles\628e9c25ea5dc0877dd5e5bc300c35db\CoMISo-download-update.rule">
      <Filter>CMake Rules</Filter>
    </CustomBuild>
    <CustomBuild Include="G:\geodesic\external\.cache\CoMISo\CMakeFiles\628e9c25ea5dc0877dd5e5bc300c35db\CoMISo-download-patch.rule">
      <Filter>CMake Rules</Filter>
    </CustomBuild>
    <CustomBuild Include="G:\geodesic\external\.cache\CoMISo\CMakeFiles\628e9c25ea5dc0877dd5e5bc300c35db\CoMISo-download-configure.rule">
      <Filter>CMake Rules</Filter>
    </CustomBuild>
    <CustomBuild Include="G:\geodesic\external\.cache\CoMISo\CMakeFiles\628e9c25ea5dc0877dd5e5bc300c35db\CoMISo-download-build.rule">
      <Filter>CMake Rules</Filter>
    </CustomBuild>
    <CustomBuild Include="G:\geodesic\external\.cache\CoMISo\CMakeFiles\628e9c25ea5dc0877dd5e5bc300c35db\CoMISo-download-install.rule">
      <Filter>CMake Rules</Filter>
    </CustomBuild>
    <CustomBuild Include="G:\geodesic\external\.cache\CoMISo\CMakeFiles\628e9c25ea5dc0877dd5e5bc300c35db\CoMISo-download-test.rule">
      <Filter>CMake Rules</Filter>
    </CustomBuild>
    <CustomBuild Include="G:\geodesic\external\.cache\CoMISo\CMakeFiles\4bca636bdd20e028b79910b914308e28\CoMISo-download-complete.rule">
      <Filter>CMake Rules</Filter>
    </CustomBuild>
    <CustomBuild Include="G:\geodesic\external\.cache\CoMISo\CMakeFiles\adcaab7f0e77d3829ae1eee5fcdaab38\CoMISo-download.rule">
      <Filter>CMake Rules</Filter>
    </CustomBuild>
    <CustomBuild Include="G:\geodesic\external\.cache\CoMISo\CMakeLists.txt" />
  </ItemGroup>
  <ItemGroup>
    <None Include="G:\geodesic\external\.cache\CoMISo\CMakeFiles\CoMISo-download" />
  </ItemGroup>
  <ItemGroup>
    <Filter Include="CMake Rules">
      <UniqueIdentifier>{529CE32E-38EE-300C-AC87-88A508A940E3}</UniqueIdentifier>
    </Filter>
  </ItemGroup>
</Project>
