<?xml version="1.0" encoding="utf-8"?>
<Project ToolsVersion="16.0" xmlns="http://schemas.microsoft.com/developer/msbuild/2003">
  <ItemGroup>
    <CustomBuild Include="G:\geodesic\external\.cache\CoMISo\CMakeFiles\adcaab7f0e77d3829ae1eee5fcdaab38\generate.stamp.rule">
      <Filter>CMake Rules</Filter>
    </CustomBuild>
  </ItemGroup>
  <ItemGroup>
    <Filter Include="CMake Rules">
      <UniqueIdentifier>{529CE32E-38EE-300C-AC87-88A508A940E3}</UniqueIdentifier>
    </Filter>
  </ItemGroup>
</Project>
