
Microsoft Visual Studio Solution File, Format Version 12.00
# Visual Studio Version 16
Project("{8BC9CEB8-8B4A-11D0-8D11-00A0C91BC942}") = "ALL_BUILD", "ALL_BUILD.vcxproj", "{35BA843C-CD00-3C6A-B9F6-72955E2D9FEC}"
	ProjectSection(ProjectDependencies) = postProject
		{350960BB-1F69-37C3-AD11-8C3045CD819D} = {350960BB-1F69-37C3-AD11-8C3045CD819D}
		{127E5147-FC38-3C56-B932-0135C528C4AA} = {127E5147-FC38-3C56-B932-0135C528C4AA}
	EndProjectSection
EndProject
Project("{8BC9CEB8-8B4A-11D0-8D11-00A0C91BC942}") = "ZERO_CHECK", "ZERO_CHECK.vcxproj", "{350960BB-1F69-37C3-AD11-8C3045CD819D}"
	ProjectSection(ProjectDependencies) = postProject
	EndProjectSection
EndProject
Project("{8BC9CEB8-8B4A-11D0-8D11-00A0C91BC942}") = "tinyxml2-download", "tinyxml2-download.vcxproj", "{127E5147-FC38-3C56-B932-0135C528C4AA}"
	ProjectSection(ProjectDependencies) = postProject
		{350960BB-1F69-37C3-AD11-8C3045CD819D} = {350960BB-1F69-37C3-AD11-8C3045CD819D}
	EndProjectSection
EndProject
Global
	GlobalSection(SolutionConfigurationPlatforms) = preSolution
		Debug|x64 = Debug|x64
		Release|x64 = Release|x64
		MinSizeRel|x64 = MinSizeRel|x64
		RelWithDebInfo|x64 = RelWithDebInfo|x64
	EndGlobalSection
	GlobalSection(ProjectConfigurationPlatforms) = postSolution
		{35BA843C-CD00-3C6A-B9F6-72955E2D9FEC}.Debug|x64.ActiveCfg = Debug|x64
		{35BA843C-CD00-3C6A-B9F6-72955E2D9FEC}.Release|x64.ActiveCfg = Release|x64
		{35BA843C-CD00-3C6A-B9F6-72955E2D9FEC}.MinSizeRel|x64.ActiveCfg = MinSizeRel|x64
		{35BA843C-CD00-3C6A-B9F6-72955E2D9FEC}.RelWithDebInfo|x64.ActiveCfg = RelWithDebInfo|x64
		{350960BB-1F69-37C3-AD11-8C3045CD819D}.Debug|x64.ActiveCfg = Debug|x64
		{350960BB-1F69-37C3-AD11-8C3045CD819D}.Debug|x64.Build.0 = Debug|x64
		{350960BB-1F69-37C3-AD11-8C3045CD819D}.Release|x64.ActiveCfg = Release|x64
		{350960BB-1F69-37C3-AD11-8C3045CD819D}.Release|x64.Build.0 = Release|x64
		{350960BB-1F69-37C3-AD11-8C3045CD819D}.MinSizeRel|x64.ActiveCfg = MinSizeRel|x64
		{350960BB-1F69-37C3-AD11-8C3045CD819D}.MinSizeRel|x64.Build.0 = MinSizeRel|x64
		{350960BB-1F69-37C3-AD11-8C3045CD819D}.RelWithDebInfo|x64.ActiveCfg = RelWithDebInfo|x64
		{350960BB-1F69-37C3-AD11-8C3045CD819D}.RelWithDebInfo|x64.Build.0 = RelWithDebInfo|x64
		{127E5147-FC38-3C56-B932-0135C528C4AA}.Debug|x64.ActiveCfg = Debug|x64
		{127E5147-FC38-3C56-B932-0135C528C4AA}.Debug|x64.Build.0 = Debug|x64
		{127E5147-FC38-3C56-B932-0135C528C4AA}.Release|x64.ActiveCfg = Release|x64
		{127E5147-FC38-3C56-B932-0135C528C4AA}.Release|x64.Build.0 = Release|x64
		{127E5147-FC38-3C56-B932-0135C528C4AA}.MinSizeRel|x64.ActiveCfg = MinSizeRel|x64
		{127E5147-FC38-3C56-B932-0135C528C4AA}.MinSizeRel|x64.Build.0 = MinSizeRel|x64
		{127E5147-FC38-3C56-B932-0135C528C4AA}.RelWithDebInfo|x64.ActiveCfg = RelWithDebInfo|x64
		{127E5147-FC38-3C56-B932-0135C528C4AA}.RelWithDebInfo|x64.Build.0 = RelWithDebInfo|x64
	EndGlobalSection
	GlobalSection(ExtensibilityGlobals) = postSolution
		SolutionGuid = {D931E853-87C9-385B-AAF4-E547505A5012}
	EndGlobalSection
	GlobalSection(ExtensibilityAddIns) = postSolution
	EndGlobalSection
EndGlobal
