<?xml version="1.0" encoding="utf-8"?>
<Project ToolsVersion="16.0" xmlns="http://schemas.microsoft.com/developer/msbuild/2003">
  <ItemGroup>
    <CustomBuild Include="G:\geodesic-master\external\.cache\libigl-imgui\CMakeFiles\7eedf6856578cf78d132cd569ca74e04\libigl-imgui-download-mkdir.rule">
      <Filter>CMake Rules</Filter>
    </CustomBuild>
    <CustomBuild Include="G:\geodesic-master\external\.cache\libigl-imgui\CMakeFiles\7eedf6856578cf78d132cd569ca74e04\libigl-imgui-download-download.rule">
      <Filter>CMake Rules</Filter>
    </CustomBuild>
    <CustomBuild Include="G:\geodesic-master\external\.cache\libigl-imgui\CMakeFiles\7eedf6856578cf78d132cd569ca74e04\libigl-imgui-download-update.rule">
      <Filter>CMake Rules</Filter>
    </CustomBuild>
    <CustomBuild Include="G:\geodesic-master\external\.cache\libigl-imgui\CMakeFiles\7eedf6856578cf78d132cd569ca74e04\libigl-imgui-download-patch.rule">
      <Filter>CMake Rules</Filter>
    </CustomBuild>
    <CustomBuild Include="G:\geodesic-master\external\.cache\libigl-imgui\CMakeFiles\7eedf6856578cf78d132cd569ca74e04\libigl-imgui-download-configure.rule">
      <Filter>CMake Rules</Filter>
    </CustomBuild>
    <CustomBuild Include="G:\geodesic-master\external\.cache\libigl-imgui\CMakeFiles\7eedf6856578cf78d132cd569ca74e04\libigl-imgui-download-build.rule">
      <Filter>CMake Rules</Filter>
    </CustomBuild>
    <CustomBuild Include="G:\geodesic-master\external\.cache\libigl-imgui\CMakeFiles\7eedf6856578cf78d132cd569ca74e04\libigl-imgui-download-install.rule">
      <Filter>CMake Rules</Filter>
    </CustomBuild>
    <CustomBuild Include="G:\geodesic-master\external\.cache\libigl-imgui\CMakeFiles\7eedf6856578cf78d132cd569ca74e04\libigl-imgui-download-test.rule">
      <Filter>CMake Rules</Filter>
    </CustomBuild>
    <CustomBuild Include="G:\geodesic-master\external\.cache\libigl-imgui\CMakeFiles\952b892a0bbac9e87127b6c61b0d0abd\libigl-imgui-download-complete.rule">
      <Filter>CMake Rules</Filter>
    </CustomBuild>
    <CustomBuild Include="G:\geodesic-master\external\.cache\libigl-imgui\CMakeFiles\cf8fd9b5484bd5ade1e69566c430e419\libigl-imgui-download.rule">
      <Filter>CMake Rules</Filter>
    </CustomBuild>
    <CustomBuild Include="G:\geodesic-master\external\.cache\libigl-imgui\CMakeLists.txt" />
  </ItemGroup>
  <ItemGroup>
    <None Include="G:\geodesic-master\external\.cache\libigl-imgui\CMakeFiles\libigl-imgui-download" />
  </ItemGroup>
  <ItemGroup>
    <Filter Include="CMake Rules">
      <UniqueIdentifier>{F1531373-03B9-3C77-B954-C64E63B7921E}</UniqueIdentifier>
    </Filter>
  </ItemGroup>
</Project>
