
Microsoft Visual Studio Solution File, Format Version 12.00
# Visual Studio Version 16
Project("{8BC9CEB8-8B4A-11D0-8D11-00A0C91BC942}") = "ALL_BUILD", "ALL_BUILD.vcxproj", "{B1F073E9-B223-3F55-B4F3-AB21E585E2CB}"
	ProjectSection(ProjectDependencies) = postProject
		{C9687493-5675-31F6-B5B5-90D012D8EBFA} = {C9687493-5675-31F6-B5B5-90D012D8EBFA}
		{1786506F-A330-3AD5-99AF-2B4931D947F1} = {1786506F-A330-3AD5-99AF-2B4931D947F1}
	EndProjectSection
EndProject
Project("{8BC9CEB8-8B4A-11D0-8D11-00A0C91BC942}") = "ZERO_CHECK", "ZERO_CHECK.vcxproj", "{C9687493-5675-31F6-B5B5-90D012D8EBFA}"
	ProjectSection(ProjectDependencies) = postProject
	EndProjectSection
EndProject
Project("{8BC9CEB8-8B4A-11D0-8D11-00A0C91BC942}") = "libigl-imgui-download", "libigl-imgui-download.vcxproj", "{1786506F-A330-3AD5-99AF-2B4931D947F1}"
	ProjectSection(ProjectDependencies) = postProject
		{C9687493-5675-31F6-B5B5-90D012D8EBFA} = {C9687493-5675-31F6-B5B5-90D012D8EBFA}
	EndProjectSection
EndProject
Global
	GlobalSection(SolutionConfigurationPlatforms) = preSolution
		Debug|x64 = Debug|x64
		Release|x64 = Release|x64
		MinSizeRel|x64 = MinSizeRel|x64
		RelWithDebInfo|x64 = RelWithDebInfo|x64
	EndGlobalSection
	GlobalSection(ProjectConfigurationPlatforms) = postSolution
		{B1F073E9-B223-3F55-B4F3-AB21E585E2CB}.Debug|x64.ActiveCfg = Debug|x64
		{B1F073E9-B223-3F55-B4F3-AB21E585E2CB}.Release|x64.ActiveCfg = Release|x64
		{B1F073E9-B223-3F55-B4F3-AB21E585E2CB}.MinSizeRel|x64.ActiveCfg = MinSizeRel|x64
		{B1F073E9-B223-3F55-B4F3-AB21E585E2CB}.RelWithDebInfo|x64.ActiveCfg = RelWithDebInfo|x64
		{C9687493-5675-31F6-B5B5-90D012D8EBFA}.Debug|x64.ActiveCfg = Debug|x64
		{C9687493-5675-31F6-B5B5-90D012D8EBFA}.Debug|x64.Build.0 = Debug|x64
		{C9687493-5675-31F6-B5B5-90D012D8EBFA}.Release|x64.ActiveCfg = Release|x64
		{C9687493-5675-31F6-B5B5-90D012D8EBFA}.Release|x64.Build.0 = Release|x64
		{C9687493-5675-31F6-B5B5-90D012D8EBFA}.MinSizeRel|x64.ActiveCfg = MinSizeRel|x64
		{C9687493-5675-31F6-B5B5-90D012D8EBFA}.MinSizeRel|x64.Build.0 = MinSizeRel|x64
		{C9687493-5675-31F6-B5B5-90D012D8EBFA}.RelWithDebInfo|x64.ActiveCfg = RelWithDebInfo|x64
		{C9687493-5675-31F6-B5B5-90D012D8EBFA}.RelWithDebInfo|x64.Build.0 = RelWithDebInfo|x64
		{1786506F-A330-3AD5-99AF-2B4931D947F1}.Debug|x64.ActiveCfg = Debug|x64
		{1786506F-A330-3AD5-99AF-2B4931D947F1}.Debug|x64.Build.0 = Debug|x64
		{1786506F-A330-3AD5-99AF-2B4931D947F1}.Release|x64.ActiveCfg = Release|x64
		{1786506F-A330-3AD5-99AF-2B4931D947F1}.Release|x64.Build.0 = Release|x64
		{1786506F-A330-3AD5-99AF-2B4931D947F1}.MinSizeRel|x64.ActiveCfg = MinSizeRel|x64
		{1786506F-A330-3AD5-99AF-2B4931D947F1}.MinSizeRel|x64.Build.0 = MinSizeRel|x64
		{1786506F-A330-3AD5-99AF-2B4931D947F1}.RelWithDebInfo|x64.ActiveCfg = RelWithDebInfo|x64
		{1786506F-A330-3AD5-99AF-2B4931D947F1}.RelWithDebInfo|x64.Build.0 = RelWithDebInfo|x64
	EndGlobalSection
	GlobalSection(ExtensibilityGlobals) = postSolution
		SolutionGuid = {4A9DCAD3-DED2-387E-8D41-98CD7D772963}
	EndGlobalSection
	GlobalSection(ExtensibilityAddIns) = postSolution
	EndGlobalSection
EndGlobal
