<?xml version="1.0" encoding="utf-8"?>
<Project ToolsVersion="16.0" xmlns="http://schemas.microsoft.com/developer/msbuild/2003">
  <ItemGroup>
    <CustomBuild Include="G:\geodesic\external\.cache\predicates\CMakeFiles\2c8c3f238c62516aa4320d1818916bec\generate.stamp.rule">
      <Filter>CMake Rules</Filter>
    </CustomBuild>
  </ItemGroup>
  <ItemGroup>
    <Filter Include="CMake Rules">
      <UniqueIdentifier>{15B4ABD3-D270-39E8-92DD-DD4720016032}</UniqueIdentifier>
    </Filter>
  </ItemGroup>
</Project>
