
Microsoft Visual Studio Solution File, Format Version 12.00
# Visual Studio Version 16
Project("{8BC9CEB8-8B4A-11D0-8D11-00A0C91BC942}") = "ALL_BUILD", "ALL_BUILD.vcxproj", "{4D78EA74-5952-3A37-A24C-C7A82415653E}"
	ProjectSection(ProjectDependencies) = postProject
		{676C4F36-6C64-357F-8B66-1AF9EEB16DA9} = {676C4F36-6C64-357F-8B66-1AF9EEB16DA9}
		{A55D33A9-77B1-3699-A8C6-083DE0A81BAE} = {A55D33A9-77B1-3699-A8C6-083DE0A81BAE}
	EndProjectSection
EndProject
Project("{8BC9CEB8-8B4A-11D0-8D11-00A0C91BC942}") = "ZERO_CHECK", "ZERO_CHECK.vcxproj", "{676C4F36-6C64-357F-8B66-1AF9EEB16DA9}"
	ProjectSection(ProjectDependencies) = postProject
	EndProjectSection
EndProject
Project("{8BC9CEB8-8B4A-11D0-8D11-00A0C91BC942}") = "imgui-download", "imgui-download.vcxproj", "{A55D33A9-77B1-3699-A8C6-083DE0A81BAE}"
	ProjectSection(ProjectDependencies) = postProject
		{676C4F36-6C64-357F-8B66-1AF9EEB16DA9} = {676C4F36-6C64-357F-8B66-1AF9EEB16DA9}
	EndProjectSection
EndProject
Global
	GlobalSection(SolutionConfigurationPlatforms) = preSolution
		Debug|x64 = Debug|x64
		Release|x64 = Release|x64
		MinSizeRel|x64 = MinSizeRel|x64
		RelWithDebInfo|x64 = RelWithDebInfo|x64
	EndGlobalSection
	GlobalSection(ProjectConfigurationPlatforms) = postSolution
		{4D78EA74-5952-3A37-A24C-C7A82415653E}.Debug|x64.ActiveCfg = Debug|x64
		{4D78EA74-5952-3A37-A24C-C7A82415653E}.Release|x64.ActiveCfg = Release|x64
		{4D78EA74-5952-3A37-A24C-C7A82415653E}.MinSizeRel|x64.ActiveCfg = MinSizeRel|x64
		{4D78EA74-5952-3A37-A24C-C7A82415653E}.RelWithDebInfo|x64.ActiveCfg = RelWithDebInfo|x64
		{676C4F36-6C64-357F-8B66-1AF9EEB16DA9}.Debug|x64.ActiveCfg = Debug|x64
		{676C4F36-6C64-357F-8B66-1AF9EEB16DA9}.Debug|x64.Build.0 = Debug|x64
		{676C4F36-6C64-357F-8B66-1AF9EEB16DA9}.Release|x64.ActiveCfg = Release|x64
		{676C4F36-6C64-357F-8B66-1AF9EEB16DA9}.Release|x64.Build.0 = Release|x64
		{676C4F36-6C64-357F-8B66-1AF9EEB16DA9}.MinSizeRel|x64.ActiveCfg = MinSizeRel|x64
		{676C4F36-6C64-357F-8B66-1AF9EEB16DA9}.MinSizeRel|x64.Build.0 = MinSizeRel|x64
		{676C4F36-6C64-357F-8B66-1AF9EEB16DA9}.RelWithDebInfo|x64.ActiveCfg = RelWithDebInfo|x64
		{676C4F36-6C64-357F-8B66-1AF9EEB16DA9}.RelWithDebInfo|x64.Build.0 = RelWithDebInfo|x64
		{A55D33A9-77B1-3699-A8C6-083DE0A81BAE}.Debug|x64.ActiveCfg = Debug|x64
		{A55D33A9-77B1-3699-A8C6-083DE0A81BAE}.Debug|x64.Build.0 = Debug|x64
		{A55D33A9-77B1-3699-A8C6-083DE0A81BAE}.Release|x64.ActiveCfg = Release|x64
		{A55D33A9-77B1-3699-A8C6-083DE0A81BAE}.Release|x64.Build.0 = Release|x64
		{A55D33A9-77B1-3699-A8C6-083DE0A81BAE}.MinSizeRel|x64.ActiveCfg = MinSizeRel|x64
		{A55D33A9-77B1-3699-A8C6-083DE0A81BAE}.MinSizeRel|x64.Build.0 = MinSizeRel|x64
		{A55D33A9-77B1-3699-A8C6-083DE0A81BAE}.RelWithDebInfo|x64.ActiveCfg = RelWithDebInfo|x64
		{A55D33A9-77B1-3699-A8C6-083DE0A81BAE}.RelWithDebInfo|x64.Build.0 = RelWithDebInfo|x64
	EndGlobalSection
	GlobalSection(ExtensibilityGlobals) = postSolution
		SolutionGuid = {90FFC276-8879-3BF1-AC29-F19C3B1229AD}
	EndGlobalSection
	GlobalSection(ExtensibilityAddIns) = postSolution
	EndGlobalSection
EndGlobal
