<?xml version="1.0" encoding="utf-8"?>
<Project ToolsVersion="16.0" xmlns="http://schemas.microsoft.com/developer/msbuild/2003">
  <ItemGroup>
    <CustomBuild Include="G:\geodesic\external\.cache\imgui\CMakeFiles\7dbaa49e8319cf7bcd7a80af5d4ab57e\imgui-download-mkdir.rule">
      <Filter>CMake Rules</Filter>
    </CustomBuild>
    <CustomBuild Include="G:\geodesic\external\.cache\imgui\CMakeFiles\7dbaa49e8319cf7bcd7a80af5d4ab57e\imgui-download-download.rule">
      <Filter>CMake Rules</Filter>
    </CustomBuild>
    <CustomBuild Include="G:\geodesic\external\.cache\imgui\CMakeFiles\7dbaa49e8319cf7bcd7a80af5d4ab57e\imgui-download-update.rule">
      <Filter>CMake Rules</Filter>
    </CustomBuild>
    <CustomBuild Include="G:\geodesic\external\.cache\imgui\CMakeFiles\7dbaa49e8319cf7bcd7a80af5d4ab57e\imgui-download-patch.rule">
      <Filter>CMake Rules</Filter>
    </CustomBuild>
    <CustomBuild Include="G:\geodesic\external\.cache\imgui\CMakeFiles\7dbaa49e8319cf7bcd7a80af5d4ab57e\imgui-download-configure.rule">
      <Filter>CMake Rules</Filter>
    </CustomBuild>
    <CustomBuild Include="G:\geodesic\external\.cache\imgui\CMakeFiles\7dbaa49e8319cf7bcd7a80af5d4ab57e\imgui-download-build.rule">
      <Filter>CMake Rules</Filter>
    </CustomBuild>
    <CustomBuild Include="G:\geodesic\external\.cache\imgui\CMakeFiles\7dbaa49e8319cf7bcd7a80af5d4ab57e\imgui-download-install.rule">
      <Filter>CMake Rules</Filter>
    </CustomBuild>
    <CustomBuild Include="G:\geodesic\external\.cache\imgui\CMakeFiles\7dbaa49e8319cf7bcd7a80af5d4ab57e\imgui-download-test.rule">
      <Filter>CMake Rules</Filter>
    </CustomBuild>
    <CustomBuild Include="G:\geodesic\external\.cache\imgui\CMakeFiles\5342d137764e7274bd98429e2d7b6683\imgui-download-complete.rule">
      <Filter>CMake Rules</Filter>
    </CustomBuild>
    <CustomBuild Include="G:\geodesic\external\.cache\imgui\CMakeFiles\021214366fd41fee14d8ac92119f5935\imgui-download.rule">
      <Filter>CMake Rules</Filter>
    </CustomBuild>
    <CustomBuild Include="G:\geodesic\external\.cache\imgui\CMakeLists.txt" />
  </ItemGroup>
  <ItemGroup>
    <None Include="G:\geodesic\external\.cache\imgui\CMakeFiles\imgui-download" />
  </ItemGroup>
  <ItemGroup>
    <Filter Include="CMake Rules">
      <UniqueIdentifier>{91EB48FB-3187-3034-ADFF-E72A8E420469}</UniqueIdentifier>
    </Filter>
  </ItemGroup>
</Project>
