<?xml version="1.0" encoding="utf-8"?>
<Project ToolsVersion="16.0" xmlns="http://schemas.microsoft.com/developer/msbuild/2003">
  <ItemGroup>
    <CustomBuild Include="G:\geodesic-master\external\.cache\imgui\CMakeFiles\63f6747c45d65dc60c1464a4eb3d38bc\generate.stamp.rule">
      <Filter>CMake Rules</Filter>
    </CustomBuild>
  </ItemGroup>
  <ItemGroup>
    <Filter Include="CMake Rules">
      <UniqueIdentifier>{69067014-32AD-32CA-874B-72DA9ECAA770}</UniqueIdentifier>
    </Filter>
  </ItemGroup>
</Project>
