<?xml version="1.0" encoding="utf-8"?>
<Project ToolsVersion="16.0" xmlns="http://schemas.microsoft.com/developer/msbuild/2003">
  <ItemGroup>
    <CustomBuild Include="G:\geodesic-master\external\.cache\triangle\CMakeFiles\62ce52a2402a2c7c3589edebe4e62cd8\generate.stamp.rule">
      <Filter>CMake Rules</Filter>
    </CustomBuild>
  </ItemGroup>
  <ItemGroup>
    <Filter Include="CMake Rules">
      <UniqueIdentifier>{E1AA202E-3086-3B24-9369-ACF1E18C12BF}</UniqueIdentifier>
    </Filter>
  </ItemGroup>
</Project>
