
Microsoft Visual Studio Solution File, Format Version 12.00
# Visual Studio Version 16
Project("{8BC9CEB8-8B4A-11D0-8D11-00A0C91BC942}") = "ALL_BUILD", "ALL_BUILD.vcxproj", "{E083000C-EEA2-3B69-BF90-8A78C2022150}"
	ProjectSection(ProjectDependencies) = postProject
		{C259501E-2FE1-3AB4-9109-78257493951E} = {C259501E-2FE1-3AB4-9109-78257493951E}
		{DA2FD0EF-ECC6-35F3-82B5-B194B9017DB0} = {DA2FD0EF-ECC6-35F3-82B5-B194B9017DB0}
	EndProjectSection
EndProject
Project("{8BC9CEB8-8B4A-11D0-8D11-00A0C91BC942}") = "ZERO_CHECK", "ZERO_CHECK.vcxproj", "{C259501E-2FE1-3AB4-9109-78257493951E}"
	ProjectSection(ProjectDependencies) = postProject
	EndProjectSection
EndProject
Project("{8BC9CEB8-8B4A-11D0-8D11-00A0C91BC942}") = "embree-download", "embree-download.vcxproj", "{DA2FD0EF-ECC6-35F3-82B5-B194B9017DB0}"
	ProjectSection(ProjectDependencies) = postProject
		{C259501E-2FE1-3AB4-9109-78257493951E} = {C259501E-2FE1-3AB4-9109-78257493951E}
	EndProjectSection
EndProject
Global
	GlobalSection(SolutionConfigurationPlatforms) = preSolution
		Debug|x64 = Debug|x64
		Release|x64 = Release|x64
		MinSizeRel|x64 = MinSizeRel|x64
		RelWithDebInfo|x64 = RelWithDebInfo|x64
	EndGlobalSection
	GlobalSection(ProjectConfigurationPlatforms) = postSolution
		{E083000C-EEA2-3B69-BF90-8A78C2022150}.Debug|x64.ActiveCfg = Debug|x64
		{E083000C-EEA2-3B69-BF90-8A78C2022150}.Release|x64.ActiveCfg = Release|x64
		{E083000C-EEA2-3B69-BF90-8A78C2022150}.MinSizeRel|x64.ActiveCfg = MinSizeRel|x64
		{E083000C-EEA2-3B69-BF90-8A78C2022150}.RelWithDebInfo|x64.ActiveCfg = RelWithDebInfo|x64
		{C259501E-2FE1-3AB4-9109-78257493951E}.Debug|x64.ActiveCfg = Debug|x64
		{C259501E-2FE1-3AB4-9109-78257493951E}.Debug|x64.Build.0 = Debug|x64
		{C259501E-2FE1-3AB4-9109-78257493951E}.Release|x64.ActiveCfg = Release|x64
		{C259501E-2FE1-3AB4-9109-78257493951E}.Release|x64.Build.0 = Release|x64
		{C259501E-2FE1-3AB4-9109-78257493951E}.MinSizeRel|x64.ActiveCfg = MinSizeRel|x64
		{C259501E-2FE1-3AB4-9109-78257493951E}.MinSizeRel|x64.Build.0 = MinSizeRel|x64
		{C259501E-2FE1-3AB4-9109-78257493951E}.RelWithDebInfo|x64.ActiveCfg = RelWithDebInfo|x64
		{C259501E-2FE1-3AB4-9109-78257493951E}.RelWithDebInfo|x64.Build.0 = RelWithDebInfo|x64
		{DA2FD0EF-ECC6-35F3-82B5-B194B9017DB0}.Debug|x64.ActiveCfg = Debug|x64
		{DA2FD0EF-ECC6-35F3-82B5-B194B9017DB0}.Debug|x64.Build.0 = Debug|x64
		{DA2FD0EF-ECC6-35F3-82B5-B194B9017DB0}.Release|x64.ActiveCfg = Release|x64
		{DA2FD0EF-ECC6-35F3-82B5-B194B9017DB0}.Release|x64.Build.0 = Release|x64
		{DA2FD0EF-ECC6-35F3-82B5-B194B9017DB0}.MinSizeRel|x64.ActiveCfg = MinSizeRel|x64
		{DA2FD0EF-ECC6-35F3-82B5-B194B9017DB0}.MinSizeRel|x64.Build.0 = MinSizeRel|x64
		{DA2FD0EF-ECC6-35F3-82B5-B194B9017DB0}.RelWithDebInfo|x64.ActiveCfg = RelWithDebInfo|x64
		{DA2FD0EF-ECC6-35F3-82B5-B194B9017DB0}.RelWithDebInfo|x64.Build.0 = RelWithDebInfo|x64
	EndGlobalSection
	GlobalSection(ExtensibilityGlobals) = postSolution
		SolutionGuid = {28F971C2-22F4-3FC6-9ECD-C664B8868F13}
	EndGlobalSection
	GlobalSection(ExtensibilityAddIns) = postSolution
	EndGlobalSection
EndGlobal
