<?xml version="1.0" encoding="utf-8"?>
<Project ToolsVersion="16.0" xmlns="http://schemas.microsoft.com/developer/msbuild/2003">
  <ItemGroup>
    <CustomBuild Include="G:\geodesic\external\.cache\glad\CMakeFiles\974ac81fee198453aaf1b9abf6a49dce\glad-download-mkdir.rule">
      <Filter>CMake Rules</Filter>
    </CustomBuild>
    <CustomBuild Include="G:\geodesic\external\.cache\glad\CMakeFiles\974ac81fee198453aaf1b9abf6a49dce\glad-download-download.rule">
      <Filter>CMake Rules</Filter>
    </CustomBuild>
    <CustomBuild Include="G:\geodesic\external\.cache\glad\CMakeFiles\974ac81fee198453aaf1b9abf6a49dce\glad-download-update.rule">
      <Filter>CMake Rules</Filter>
    </CustomBuild>
    <CustomBuild Include="G:\geodesic\external\.cache\glad\CMakeFiles\974ac81fee198453aaf1b9abf6a49dce\glad-download-patch.rule">
      <Filter>CMake Rules</Filter>
    </CustomBuild>
    <CustomBuild Include="G:\geodesic\external\.cache\glad\CMakeFiles\974ac81fee198453aaf1b9abf6a49dce\glad-download-configure.rule">
      <Filter>CMake Rules</Filter>
    </CustomBuild>
    <CustomBuild Include="G:\geodesic\external\.cache\glad\CMakeFiles\974ac81fee198453aaf1b9abf6a49dce\glad-download-build.rule">
      <Filter>CMake Rules</Filter>
    </CustomBuild>
    <CustomBuild Include="G:\geodesic\external\.cache\glad\CMakeFiles\974ac81fee198453aaf1b9abf6a49dce\glad-download-install.rule">
      <Filter>CMake Rules</Filter>
    </CustomBuild>
    <CustomBuild Include="G:\geodesic\external\.cache\glad\CMakeFiles\974ac81fee198453aaf1b9abf6a49dce\glad-download-test.rule">
      <Filter>CMake Rules</Filter>
    </CustomBuild>
    <CustomBuild Include="G:\geodesic\external\.cache\glad\CMakeFiles\1915b3ace6d78f903bf7ef90881f45cd\glad-download-complete.rule">
      <Filter>CMake Rules</Filter>
    </CustomBuild>
    <CustomBuild Include="G:\geodesic\external\.cache\glad\CMakeFiles\f920a1c66957d58560efaae3ce2542c1\glad-download.rule">
      <Filter>CMake Rules</Filter>
    </CustomBuild>
    <CustomBuild Include="G:\geodesic\external\.cache\glad\CMakeLists.txt" />
  </ItemGroup>
  <ItemGroup>
    <None Include="G:\geodesic\external\.cache\glad\CMakeFiles\glad-download" />
  </ItemGroup>
  <ItemGroup>
    <Filter Include="CMake Rules">
      <UniqueIdentifier>{64373C53-AC13-3356-8CC8-6A413AD2852B}</UniqueIdentifier>
    </Filter>
  </ItemGroup>
</Project>
