<?xml version="1.0" encoding="utf-8"?>
<Project ToolsVersion="16.0" xmlns="http://schemas.microsoft.com/developer/msbuild/2003">
  <ItemGroup>
    <CustomBuild Include="G:\geodesic\external\.cache\glad\CMakeFiles\f920a1c66957d58560efaae3ce2542c1\generate.stamp.rule">
      <Filter>CMake Rules</Filter>
    </CustomBuild>
  </ItemGroup>
  <ItemGroup>
    <Filter Include="CMake Rules">
      <UniqueIdentifier>{64373C53-AC13-3356-8CC8-6A413AD2852B}</UniqueIdentifier>
    </Filter>
  </ItemGroup>
</Project>
