<?xml version="1.0" encoding="utf-8"?>
<Project ToolsVersion="16.0" xmlns="http://schemas.microsoft.com/developer/msbuild/2003">
  <ItemGroup>
    <CustomBuild Include="G:\geodesic\external\.cache\eigen\CMakeFiles\f22256e062bbcd143dae185c031f45ce\eigen-download-mkdir.rule">
      <Filter>CMake Rules</Filter>
    </CustomBuild>
    <CustomBuild Include="G:\geodesic\external\.cache\eigen\CMakeFiles\f22256e062bbcd143dae185c031f45ce\eigen-download-download.rule">
      <Filter>CMake Rules</Filter>
    </CustomBuild>
    <CustomBuild Include="G:\geodesic\external\.cache\eigen\CMakeFiles\f22256e062bbcd143dae185c031f45ce\eigen-download-update.rule">
      <Filter>CMake Rules</Filter>
    </CustomBuild>
    <CustomBuild Include="G:\geodesic\external\.cache\eigen\CMakeFiles\f22256e062bbcd143dae185c031f45ce\eigen-download-patch.rule">
      <Filter>CMake Rules</Filter>
    </CustomBuild>
    <CustomBuild Include="G:\geodesic\external\.cache\eigen\CMakeFiles\f22256e062bbcd143dae185c031f45ce\eigen-download-configure.rule">
      <Filter>CMake Rules</Filter>
    </CustomBuild>
    <CustomBuild Include="G:\geodesic\external\.cache\eigen\CMakeFiles\f22256e062bbcd143dae185c031f45ce\eigen-download-build.rule">
      <Filter>CMake Rules</Filter>
    </CustomBuild>
    <CustomBuild Include="G:\geodesic\external\.cache\eigen\CMakeFiles\f22256e062bbcd143dae185c031f45ce\eigen-download-install.rule">
      <Filter>CMake Rules</Filter>
    </CustomBuild>
    <CustomBuild Include="G:\geodesic\external\.cache\eigen\CMakeFiles\f22256e062bbcd143dae185c031f45ce\eigen-download-test.rule">
      <Filter>CMake Rules</Filter>
    </CustomBuild>
    <CustomBuild Include="G:\geodesic\external\.cache\eigen\CMakeFiles\1df6c6119e0805610f2cdb595fa95ea3\eigen-download-complete.rule">
      <Filter>CMake Rules</Filter>
    </CustomBuild>
    <CustomBuild Include="G:\geodesic\external\.cache\eigen\CMakeFiles\654269aef2b2c4dfd2d4bfbbc046da4c\eigen-download.rule">
      <Filter>CMake Rules</Filter>
    </CustomBuild>
    <CustomBuild Include="G:\geodesic\external\.cache\eigen\CMakeLists.txt" />
  </ItemGroup>
  <ItemGroup>
    <None Include="G:\geodesic\external\.cache\eigen\CMakeFiles\eigen-download" />
  </ItemGroup>
  <ItemGroup>
    <Filter Include="CMake Rules">
      <UniqueIdentifier>{D4DA9357-D671-30A4-B2D8-5A50763DD8CD}</UniqueIdentifier>
    </Filter>
  </ItemGroup>
</Project>
