<?xml version="1.0" encoding="utf-8"?>
<Project ToolsVersion="16.0" xmlns="http://schemas.microsoft.com/developer/msbuild/2003">
  <ItemGroup>
    <CustomBuild Include="G:\geodesic\external\.cache\stb\CMakeFiles\014a65205087854c0ebf7c86f2c91486\stb-download-mkdir.rule">
      <Filter>CMake Rules</Filter>
    </CustomBuild>
    <CustomBuild Include="G:\geodesic\external\.cache\stb\CMakeFiles\014a65205087854c0ebf7c86f2c91486\stb-download-download.rule">
      <Filter>CMake Rules</Filter>
    </CustomBuild>
    <CustomBuild Include="G:\geodesic\external\.cache\stb\CMakeFiles\014a65205087854c0ebf7c86f2c91486\stb-download-update.rule">
      <Filter>CMake Rules</Filter>
    </CustomBuild>
    <CustomBuild Include="G:\geodesic\external\.cache\stb\CMakeFiles\014a65205087854c0ebf7c86f2c91486\stb-download-patch.rule">
      <Filter>CMake Rules</Filter>
    </CustomBuild>
    <CustomBuild Include="G:\geodesic\external\.cache\stb\CMakeFiles\014a65205087854c0ebf7c86f2c91486\stb-download-configure.rule">
      <Filter>CMake Rules</Filter>
    </CustomBuild>
    <CustomBuild Include="G:\geodesic\external\.cache\stb\CMakeFiles\014a65205087854c0ebf7c86f2c91486\stb-download-build.rule">
      <Filter>CMake Rules</Filter>
    </CustomBuild>
    <CustomBuild Include="G:\geodesic\external\.cache\stb\CMakeFiles\014a65205087854c0ebf7c86f2c91486\stb-download-install.rule">
      <Filter>CMake Rules</Filter>
    </CustomBuild>
    <CustomBuild Include="G:\geodesic\external\.cache\stb\CMakeFiles\014a65205087854c0ebf7c86f2c91486\stb-download-test.rule">
      <Filter>CMake Rules</Filter>
    </CustomBuild>
    <CustomBuild Include="G:\geodesic\external\.cache\stb\CMakeFiles\af13486ed39dfc26d7ca3d1474f50551\stb-download-complete.rule">
      <Filter>CMake Rules</Filter>
    </CustomBuild>
    <CustomBuild Include="G:\geodesic\external\.cache\stb\CMakeFiles\8e2f8112fcb3df7f30f86611b5bf23ab\stb-download.rule">
      <Filter>CMake Rules</Filter>
    </CustomBuild>
    <CustomBuild Include="G:\geodesic\external\.cache\stb\CMakeLists.txt" />
  </ItemGroup>
  <ItemGroup>
    <None Include="G:\geodesic\external\.cache\stb\CMakeFiles\stb-download" />
  </ItemGroup>
  <ItemGroup>
    <Filter Include="CMake Rules">
      <UniqueIdentifier>{80C8145F-013F-3692-BECC-9064C1A13BEF}</UniqueIdentifier>
    </Filter>
  </ItemGroup>
</Project>
