<?xml version="1.0" encoding="utf-8"?>
<Project ToolsVersion="16.0" xmlns="http://schemas.microsoft.com/developer/msbuild/2003">
  <ItemGroup>
    <CustomBuild Include="G:\geodesic-master\external\.cache\stb\CMakeFiles\10ba289b5631efa04f179c9df8aa771a\stb-download-mkdir.rule">
      <Filter>CMake Rules</Filter>
    </CustomBuild>
    <CustomBuild Include="G:\geodesic-master\external\.cache\stb\CMakeFiles\10ba289b5631efa04f179c9df8aa771a\stb-download-download.rule">
      <Filter>CMake Rules</Filter>
    </CustomBuild>
    <CustomBuild Include="G:\geodesic-master\external\.cache\stb\CMakeFiles\10ba289b5631efa04f179c9df8aa771a\stb-download-update.rule">
      <Filter>CMake Rules</Filter>
    </CustomBuild>
    <CustomBuild Include="G:\geodesic-master\external\.cache\stb\CMakeFiles\10ba289b5631efa04f179c9df8aa771a\stb-download-patch.rule">
      <Filter>CMake Rules</Filter>
    </CustomBuild>
    <CustomBuild Include="G:\geodesic-master\external\.cache\stb\CMakeFiles\10ba289b5631efa04f179c9df8aa771a\stb-download-configure.rule">
      <Filter>CMake Rules</Filter>
    </CustomBuild>
    <CustomBuild Include="G:\geodesic-master\external\.cache\stb\CMakeFiles\10ba289b5631efa04f179c9df8aa771a\stb-download-build.rule">
      <Filter>CMake Rules</Filter>
    </CustomBuild>
    <CustomBuild Include="G:\geodesic-master\external\.cache\stb\CMakeFiles\10ba289b5631efa04f179c9df8aa771a\stb-download-install.rule">
      <Filter>CMake Rules</Filter>
    </CustomBuild>
    <CustomBuild Include="G:\geodesic-master\external\.cache\stb\CMakeFiles\10ba289b5631efa04f179c9df8aa771a\stb-download-test.rule">
      <Filter>CMake Rules</Filter>
    </CustomBuild>
    <CustomBuild Include="G:\geodesic-master\external\.cache\stb\CMakeFiles\42d8e93eb4d5f7bdc63ade2d8b04e81c\stb-download-complete.rule">
      <Filter>CMake Rules</Filter>
    </CustomBuild>
    <CustomBuild Include="G:\geodesic-master\external\.cache\stb\CMakeFiles\b7e155ecb568236ad9fe350953ea3c7e\stb-download.rule">
      <Filter>CMake Rules</Filter>
    </CustomBuild>
    <CustomBuild Include="G:\geodesic-master\external\.cache\stb\CMakeLists.txt" />
  </ItemGroup>
  <ItemGroup>
    <None Include="G:\geodesic-master\external\.cache\stb\CMakeFiles\stb-download" />
  </ItemGroup>
  <ItemGroup>
    <Filter Include="CMake Rules">
      <UniqueIdentifier>{3A34FE83-FB73-39B5-94D8-3B1976A76FA2}</UniqueIdentifier>
    </Filter>
  </ItemGroup>
</Project>
