
Microsoft Visual Studio Solution File, Format Version 12.00
# Visual Studio Version 16
Project("{8BC9CEB8-8B4A-11D0-8D11-00A0C91BC942}") = "ALL_BUILD", "ALL_BUILD.vcxproj", "{18E5EBB4-E6C1-327B-876D-894B38D0C529}"
	ProjectSection(ProjectDependencies) = postProject
		{46097F66-053D-38D7-A4AF-968404BC531C} = {46097F66-053D-38D7-A4AF-968404BC531C}
		{7A046CC1-695F-3290-A713-700BB6B33C9E} = {7A046CC1-695F-3290-A713-700BB6B33C9E}
	EndProjectSection
EndProject
Project("{8BC9CEB8-8B4A-11D0-8D11-00A0C91BC942}") = "ZERO_CHECK", "ZERO_CHECK.vcxproj", "{46097F66-053D-38D7-A4AF-968404BC531C}"
	ProjectSection(ProjectDependencies) = postProject
	EndProjectSection
EndProject
Project("{8BC9CEB8-8B4A-11D0-8D11-00A0C91BC942}") = "stb-download", "stb-download.vcxproj", "{7A046CC1-695F-3290-A713-700BB6B33C9E}"
	ProjectSection(ProjectDependencies) = postProject
		{46097F66-053D-38D7-A4AF-968404BC531C} = {46097F66-053D-38D7-A4AF-968404BC531C}
	EndProjectSection
EndProject
Global
	GlobalSection(SolutionConfigurationPlatforms) = preSolution
		Debug|x64 = Debug|x64
		Release|x64 = Release|x64
		MinSizeRel|x64 = MinSizeRel|x64
		RelWithDebInfo|x64 = RelWithDebInfo|x64
	EndGlobalSection
	GlobalSection(ProjectConfigurationPlatforms) = postSolution
		{18E5EBB4-E6C1-327B-876D-894B38D0C529}.Debug|x64.ActiveCfg = Debug|x64
		{18E5EBB4-E6C1-327B-876D-894B38D0C529}.Release|x64.ActiveCfg = Release|x64
		{18E5EBB4-E6C1-327B-876D-894B38D0C529}.MinSizeRel|x64.ActiveCfg = MinSizeRel|x64
		{18E5EBB4-E6C1-327B-876D-894B38D0C529}.RelWithDebInfo|x64.ActiveCfg = RelWithDebInfo|x64
		{46097F66-053D-38D7-A4AF-968404BC531C}.Debug|x64.ActiveCfg = Debug|x64
		{46097F66-053D-38D7-A4AF-968404BC531C}.Debug|x64.Build.0 = Debug|x64
		{46097F66-053D-38D7-A4AF-968404BC531C}.Release|x64.ActiveCfg = Release|x64
		{46097F66-053D-38D7-A4AF-968404BC531C}.Release|x64.Build.0 = Release|x64
		{46097F66-053D-38D7-A4AF-968404BC531C}.MinSizeRel|x64.ActiveCfg = MinSizeRel|x64
		{46097F66-053D-38D7-A4AF-968404BC531C}.MinSizeRel|x64.Build.0 = MinSizeRel|x64
		{46097F66-053D-38D7-A4AF-968404BC531C}.RelWithDebInfo|x64.ActiveCfg = RelWithDebInfo|x64
		{46097F66-053D-38D7-A4AF-968404BC531C}.RelWithDebInfo|x64.Build.0 = RelWithDebInfo|x64
		{7A046CC1-695F-3290-A713-700BB6B33C9E}.Debug|x64.ActiveCfg = Debug|x64
		{7A046CC1-695F-3290-A713-700BB6B33C9E}.Debug|x64.Build.0 = Debug|x64
		{7A046CC1-695F-3290-A713-700BB6B33C9E}.Release|x64.ActiveCfg = Release|x64
		{7A046CC1-695F-3290-A713-700BB6B33C9E}.Release|x64.Build.0 = Release|x64
		{7A046CC1-695F-3290-A713-700BB6B33C9E}.MinSizeRel|x64.ActiveCfg = MinSizeRel|x64
		{7A046CC1-695F-3290-A713-700BB6B33C9E}.MinSizeRel|x64.Build.0 = MinSizeRel|x64
		{7A046CC1-695F-3290-A713-700BB6B33C9E}.RelWithDebInfo|x64.ActiveCfg = RelWithDebInfo|x64
		{7A046CC1-695F-3290-A713-700BB6B33C9E}.RelWithDebInfo|x64.Build.0 = RelWithDebInfo|x64
	EndGlobalSection
	GlobalSection(ExtensibilityGlobals) = postSolution
		SolutionGuid = {2126254F-C2FE-3D7D-BE8A-A8F54D08CCEC}
	EndGlobalSection
	GlobalSection(ExtensibilityAddIns) = postSolution
	EndGlobalSection
EndGlobal
